// !$*UTF8*$!
{
	archiveVersion = 1;
	classes = {
	};
	objectVersion = 50;
	objects = {

/* Begin PBXBuildFile section */
		534867D6261DC2A2002A48C9 /* AppDelegate.swift in Sources */ = {isa = PBXBuildFile; fileRef = 534867D5261DC2A2002A48C9 /* AppDelegate.swift */; };
		534867D8261DC2A2002A48C9 /* SceneDelegate.swift in Sources */ = {isa = PBXBuildFile; fileRef = 534867D7261DC2A2002A48C9 /* SceneDelegate.swift */; };
		534867DA261DC2A2002A48C9 /* MainViewController.swift in Sources */ = {isa = PBXBuildFile; fileRef = 534867D9261DC2A2002A48C9 /* MainViewController.swift */; };
		534867DD261DC2A2002A48C9 /* Main.storyboard in Resources */ = {isa = PBXBuildFile; fileRef = 534867DB261DC2A2002A48C9 /* Main.storyboard */; };
		534867DF261DC2A6002A48C9 /* Assets.xcassets in Resources */ = {isa = PBXBuildFile; fileRef = 534867DE261DC2A6002A48C9 /* Assets.xcassets */; };
		534867E2261DC2A6002A48C9 /* LaunchScreen.storyboard in Resources */ = {isa = PBXBuildFile; fileRef = 534867E0261DC2A6002A48C9 /* LaunchScreen.storyboard */; };
		53833C03261DD46600178317 /* Album.swift in Sources */ = {isa = PBXBuildFile; fileRef = 53833C02261DD46600178317 /* Album.swift */; };
		53833C09261DD63700178317 /* Albums.swift in Sources */ = {isa = PBXBuildFile; fileRef = 53833C08261DD63700178317 /* Albums.swift */; };
/* End PBXBuildFile section */

/* Begin PBXFileReference section */
		534867D2261DC2A2002A48C9 /* discoMusica.app */ = {isa = PBXFileReference; explicitFileType = wrapper.application; includeInIndex = 0; path = discoMusica.app; sourceTree = BUILT_PRODUCTS_DIR; };
		534867D5261DC2A2002A48C9 /* AppDelegate.swift */ = {isa = PBXFileReference; lastKnownFileType = sourcecode.swift; path = AppDelegate.swift; sourceTree = "<group>"; };
		534867D7261DC2A2002A48C9 /* SceneDelegate.swift */ = {isa = PBXFileReference; lastKnownFileType = sourcecode.swift; path = SceneDelegate.swift; sourceTree = "<group>"; };
		534867D9261DC2A2002A48C9 /* MainViewController.swift */ = {isa = PBXFileReference; lastKnownFileType = sourcecode.swift; path = MainViewController.swift; sourceTree = "<group>"; };
		534867DC261DC2A2002A48C9 /* Base */ = {isa = PBXFileReference; lastKnownFileType = file.storyboard; name = Base; path = Base.lproj/Main.storyboard; sourceTree = "<group>"; };
		534867DE261DC2A6002A48C9 /* Assets.xcassets */ = {isa = PBXFileReference; lastKnownFileType = folder.assetcatalog; path = Assets.xcassets; sourceTree = "<group>"; };
		534867E1261DC2A6002A48C9 /* Base */ = {isa = PBXFileReference; lastKnownFileType = file.storyboard; name = Base; path = Base.lproj/LaunchScreen.storyboard; sourceTree = "<group>"; };
		534867E3261DC2A6002A48C9 /* Info.plist */ = {isa = PBXFileReference; lastKnownFileType = text.plist.xml; path = Info.plist; sourceTree = "<group>"; };
		53833C02261DD46600178317 /* Album.swift */ = {isa = PBXFileReference; lastKnownFileType = sourcecode.swift; path = Album.swift; sourceTree = "<group>"; };
		53833C08261DD63700178317 /* Albums.swift */ = {isa = PBXFileReference; lastKnownFileType = sourcecode.swift; path = Albums.swift; sourceTree = "<group>"; };
/* End PBXFileReference section */

/* Begin PBXFrameworksBuildPhase section */
		534867CF261DC2A2002A48C9 /* Frameworks */ = {
			isa = PBXFrameworksBuildPhase;
			buildActionMask = 2147483647;
			files = (
			);
			runOnlyForDeploymentPostprocessing = 0;
		};
/* End PBXFrameworksBuildPhase section */

/* Begin PBXGroup section */
		534867C9261DC2A2002A48C9 = {
			isa = PBXGroup;
			children = (
				534867D4261DC2A2002A48C9 /* discoMusica */,
				534867D3261DC2A2002A48C9 /* Products */,
			);
			sourceTree = "<group>";
		};
		534867D3261DC2A2002A48C9 /* Products */ = {
			isa = PBXGroup;
			children = (
				534867D2261DC2A2002A48C9 /* discoMusica.app */,
			);
			name = Products;
			sourceTree = "<group>";
		};
		534867D4261DC2A2002A48C9 /* discoMusica */ = {
			isa = PBXGroup;
			children = (
				53833C07261DD5BD00178317 /* SupportFiles */,
				53833C06261DD59400178317 /* Views */,
				53833C05261DD58C00178317 /* Constants */,
				53833C04261DD56E00178317 /* Models */,
				534867E3261DC2A6002A48C9 /* Info.plist */,
			);
			path = discoMusica;
			sourceTree = "<group>";
		};
		53833C04261DD56E00178317 /* Models */ = {
			isa = PBXGroup;
			children = (
				53833C02261DD46600178317 /* Album.swift */,
			);
			path = Models;
			sourceTree = "<group>";
		};
		53833C05261DD58C00178317 /* Constants */ = {
			isa = PBXGroup;
			children = (
				53833C08261DD63700178317 /* Albums.swift */,
			);
			path = Constants;
			sourceTree = "<group>";
		};
		53833C06261DD59400178317 /* Views */ = {
			isa = PBXGroup;
			children = (
				534867D9261DC2A2002A48C9 /* MainViewController.swift */,
			);
			path = Views;
			sourceTree = "<group>";
		};
		53833C07261DD5BD00178317 /* SupportFiles */ = {
			isa = PBXGroup;
			children = (
				534867DB261DC2A2002A48C9 /* Main.storyboard */,
				534867D5261DC2A2002A48C9 /* AppDelegate.swift */,
				534867D7261DC2A2002A48C9 /* SceneDelegate.swift */,
				534867DE261DC2A6002A48C9 /* Assets.xcassets */,
				534867E0261DC2A6002A48C9 /* LaunchScreen.storyboard */,
			);
			path = SupportFiles;
			sourceTree = "<group>";
		};
/* End PBXGroup section */

/* Begin PBXNativeTarget section */
		534867D1261DC2A2002A48C9 /* discoMusica */ = {
			isa = PBXNativeTarget;
			buildConfigurationList = 534867E6261DC2A6002A48C9 /* Build configuration list for PBXNativeTarget "discoMusica" */;
			buildPhases = (
				534867CE261DC2A2002A48C9 /* Sources */,
				534867CF261DC2A2002A48C9 /* Frameworks */,
				534867D0261DC2A2002A48C9 /* Resources */,
			);
			buildRules = (
			);
			dependencies = (
			);
			name = discoMusica;
			productName = discoMusica;
			productReference = 534867D2261DC2A2002A48C9 /* discoMusica.app */;
			productType = "com.apple.product-type.application";
		};
/* End PBXNativeTarget section */

/* Begin PBXProject section */
		534867CA261DC2A2002A48C9 /* Project object */ = {
			isa = PBXProject;
			attributes = {
				LastSwiftUpdateCheck = 1170;
				LastUpgradeCheck = 1170;
				ORGANIZATIONNAME = "Alejandro García";
				TargetAttributes = {
					534867D1261DC2A2002A48C9 = {
						CreatedOnToolsVersion = 11.7;
					};
				};
			};
			buildConfigurationList = 534867CD261DC2A2002A48C9 /* Build configuration list for PBXProject "discoMusica" */;
			compatibilityVersion = "Xcode 9.3";
			developmentRegion = en;
			hasScannedForEncodings = 0;
			knownRegions = (
				en,
				Base,
			);
			mainGroup = 534867C9261DC2A2002A48C9;
			productRefGroup = 534867D3261DC2A2002A48C9 /* Products */;
			projectDirPath = "";
			projectRoot = "";
			targets = (
				534867D1261DC2A2002A48C9 /* discoMusica */,
			);
		};
/* End PBXProject section */

/* Begin PBXResourcesBuildPhase section */
		534867D0261DC2A2002A48C9 /* Resources */ = {
			isa = PBXResourcesBuildPhase;
			buildActionMask = 2147483647;
			files = (
				534867E2261DC2A6002A48C9 /* LaunchScreen.storyboard in Resources */,
				534867DF261DC2A6002A48C9 /* Assets.xcassets in Resources */,
				534867DD261DC2A2002A48C9 /* Main.storyboard in Resources */,
			);
			runOnlyForDeploymentPostprocessing = 0;
		};
/* End PBXResourcesBuildPhase section */

/* Begin PBXSourcesBuildPhase section */
		534867CE261DC2A2002A48C9 /* Sources */ = {
			isa = PBXSourcesBuildPhase;
			buildActionMask = 2147483647;
			files = (
				53833C09261DD63700178317 /* Albums.swift in Sources */,
				534867DA261DC2A2002A48C9 /* MainViewController.swift in Sources */,
				534867D6261DC2A2002A48C9 /* AppDelegate.swift in Sources */,
				534867D8261DC2A2002A48C9 /* SceneDelegate.swift in Sources */,
				53833C03261DD46600178317 /* Album.swift in Sources */,
			);
			runOnlyForDeploymentPostprocessing = 0;
		};
/* End PBXSourcesBuildPhase section */

/* Begin PBXVariantGroup section */
		534867DB261DC2A2002A48C9 /* Main.storyboard */ = {
			isa = PBXVariantGroup;
			children = (
				534867DC261DC2A2002A48C9 /* Base */,
			);
			name = Main.storyboard;
			sourceTree = "<group>";
		};
		534867E0261DC2A6002A48C9 /* LaunchScreen.storyboard */ = {
			isa = PBXVariantGroup;
			children = (
				534867E1261DC2A6002A48C9 /* Base */,
			);
			name = LaunchScreen.storyboard;
			sourceTree = "<group>";
		};
/* End PBXVariantGroup section */

/* Begin XCBuildConfiguration section */
		534867E4261DC2A6002A48C9 /* Debug */ = {
			isa = XCBuildConfiguration;
			buildSettings = {
				ALWAYS_SEARCH_USER_PATHS = NO;
				CLANG_ANALYZER_NONNULL = YES;
				CLANG_ANALYZER_NUMBER_OBJECT_CONVERSION = YES_AGGRESSIVE;
				CLANG_CXX_LANGUAGE_STANDARD = "gnu++14";
				CLANG_CXX_LIBRARY = "libc++";
				CLANG_ENABLE_MODULES = YES;
				CLANG_ENABLE_OBJC_ARC = YES;
				CLANG_ENABLE_OBJC_WEAK = YES;
				CLANG_WARN_BLOCK_CAPTURE_AUTORELEASING = YES;
				CLANG_WARN_BOOL_CONVERSION = YES;
				CLANG_WARN_COMMA = YES;
				CLANG_WARN_CONSTANT_CONVERSION = YES;
				CLANG_WARN_DEPRECATED_OBJC_IMPLEMENTATIONS = YES;
				CLANG_WARN_DIRECT_OBJC_ISA_USAGE = YES_ERROR;
				CLANG_WARN_DOCUMENTATION_COMMENTS = YES;
				CLANG_WARN_EMPTY_BODY = YES;
				CLANG_WARN_ENUM_CONVERSION = YES;
				CLANG_WARN_INFINITE_RECURSION = YES;
				CLANG_WARN_INT_CONVERSION = YES;
				CLANG_WARN_NON_LITERAL_NULL_CONVERSION = YES;
				CLANG_WARN_OBJC_IMPLICIT_RETAIN_SELF = YES;
				CLANG_WARN_OBJC_LITERAL_CONVERSION = YES;
				CLANG_WARN_OBJC_ROOT_CLASS = YES_ERROR;
				CLANG_WARN_RANGE_LOOP_ANALYSIS = YES;
				CLANG_WARN_STRICT_PROTOTYPES = YES;
				CLANG_WARN_SUSPICIOUS_MOVE = YES;
				CLANG_WARN_UNGUARDED_AVAILABILITY = YES_AGGRESSIVE;
				CLANG_WARN_UNREACHABLE_CODE = YES;
				CLANG_WARN__DUPLICATE_METHOD_MATCH = YES;
				COPY_PHASE_STRIP = NO;
				DEBUG_INFORMATION_FORMAT = dwarf;
				ENABLE_STRICT_OBJC_MSGSEND = YES;
				ENABLE_TESTABILITY = YES;
				GCC_C_LANGUAGE_STANDARD = gnu11;
				GCC_DYNAMIC_NO_PIC = NO;
				GCC_NO_COMMON_BLOCKS = YES;
				GCC_OPTIMIZATION_LEVEL = 0;
				GCC_PREPROCESSOR_DEFINITIONS = (
					"DEBUG=1",
					"$(inherited)",
				);
				GCC_WARN_64_TO_32_BIT_CONVERSION = YES;
				GCC_WARN_ABOUT_RETURN_TYPE = YES_ERROR;
				GCC_WARN_UNDECLARED_SELECTOR = YES;
				GCC_WARN_UNINITIALIZED_AUTOS = YES_AGGRESSIVE;
				GCC_WARN_UNUSED_FUNCTION = YES;
				GCC_WARN_UNUSED_VARIABLE = YES;
				IPHONEOS_DEPLOYMENT_TARGET = 13.7;
				MTL_ENABLE_DEBUG_INFO = INCLUDE_SOURCE;
				MTL_FAST_MATH = YES;
				ONLY_ACTIVE_ARCH = YES;
				SDKROOT = iphoneos;
				SWIFT_ACTIVE_COMPILATION_CONDITIONS = DEBUG;
				SWIFT_OPTIMIZATION_LEVEL = "-Onone";
			};
			name = Debug;
		};
		534867E5261DC2A6002A48C9 /* Release */ = {
			isa = XCBuildConfiguration;
			buildSettings = {
				ALWAYS_SEARCH_USER_PATHS = NO;
				CLANG_ANALYZER_NONNULL = YES;
				CLANG_ANALYZER_NUMBER_OBJECT_CONVERSION = YES_AGGRESSIVE;
				CLANG_CXX_LANGUAGE_STANDARD = "gnu++14";
				CLANG_CXX_LIBRARY = "libc++";
				CLANG_ENABLE_MODULES = YES;
				CLANG_ENABLE_OBJC_ARC = YES;
				CLANG_ENABLE_OBJC_WEAK = YES;
				CLANG_WARN_BLOCK_CAPTURE_AUTORELEASING = YES;
				CLANG_WARN_BOOL_CONVERSION = YES;
				CLANG_WARN_COMMA = YES;
				CLANG_WARN_CONSTANT_CONVERSION = YES;
				CLANG_WARN_DEPRECATED_OBJC_IMPLEMENTATIONS = YES;
				CLANG_WARN_DIRECT_OBJC_ISA_USAGE = YES_ERROR;
				CLANG_WARN_DOCUMENTATION_COMMENTS = YES;
				CLANG_WARN_EMPTY_BODY = YES;
				CLANG_WARN_ENUM_CONVERSION = YES;
				CLANG_WARN_INFINITE_RECURSION = YES;
				CLANG_WARN_INT_CONVERSION = YES;
				CLANG_WARN_NON_LITERAL_NULL_CONVERSION = YES;
				CLANG_WARN_OBJC_IMPLICIT_RETAIN_SELF = YES;
				CLANG_WARN_OBJC_LITERAL_CONVERSION = YES;
				CLANG_WARN_OBJC_ROOT_CLASS = YES_ERROR;
				CLANG_WARN_RANGE_LOOP_ANALYSIS = YES;
				CLANG_WARN_STRICT_PROTOTYPES = YES;
				CLANG_WARN_SUSPICIOUS_MOVE = YES;
				CLANG_WARN_UNGUARDED_AVAILABILITY = YES_AGGRESSIVE;
				CLANG_WARN_UNREACHABLE_CODE = YES;
				CLANG_WARN__DUPLICATE_METHOD_MATCH = YES;
				COPY_PHASE_STRIP = NO;
				DEBUG_INFORMATION_FORMAT = "dwarf-with-dsym";
				ENABLE_NS_ASSERTIONS = NO;
				ENABLE_STRICT_OBJC_MSGSEND = YES;
				GCC_C_LANGUAGE_STANDARD = gnu11;
				GCC_NO_COMMON_BLOCKS = YES;
				GCC_WARN_64_TO_32_BIT_CONVERSION = YES;
				GCC_WARN_ABOUT_RETURN_TYPE = YES_ERROR;
				GCC_WARN_UNDECLARED_SELECTOR = YES;
				GCC_WARN_UNINITIALIZED_AUTOS = YES_AGGRESSIVE;
				GCC_WARN_UNUSED_FUNCTION = YES;
				GCC_WARN_UNUSED_VARIABLE = YES;
				IPHONEOS_DEPLOYMENT_TARGET = 13.7;
				MTL_ENABLE_DEBUG_INFO = NO;
				MTL_FAST_MATH = YES;
				SDKROOT = iphoneos;
				SWIFT_COMPILATION_MODE = wholemodule;
				SWIFT_OPTIMIZATION_LEVEL = "-O";
				VALIDATE_PRODUCT = YES;
			};
			name = Release;
		};
		534867E7261DC2A6002A48C9 /* Debug */ = {
			isa = XCBuildConfiguration;
			buildSettings = {
				ASSETCATALOG_COMPILER_APPICON_NAME = AppIcon;
				CODE_SIGN_STYLE = Automatic;
				DEVELOPMENT_TEAM = MP8R359Z9X;
				INFOPLIST_FILE = discoMusica/Info.plist;
				LD_RUNPATH_SEARCH_PATHS = (
					"$(inherited)",
					"@executable_path/Frameworks",
				);
				PRODUCT_BUNDLE_IDENTIFIER = vanadis.discoMusica;
				PRODUCT_NAME = "$(TARGET_NAME)";
				SWIFT_VERSION = 5.0;
				TARGETED_DEVICE_FAMILY = "1,2";
			};
			name = Debug;
		};
		534867E8261DC2A6002A48C9 /* Release */ = {
			isa = XCBuildConfiguration;
			buildSettings = {
				ASSETCATALOG_COMPILER_APPICON_NAME = AppIcon;
				CODE_SIGN_STYLE = Automatic;
				DEVELOPMENT_TEAM = MP8R359Z9X;
				INFOPLIST_FILE = discoMusica/Info.plist;
				LD_RUNPATH_SEARCH_PATHS = (
					"$(inherited)",
					"@executable_path/Frameworks",
				);
				PRODUCT_BUNDLE_IDENTIFIER = vanadis.discoMusica;
				PRODUCT_NAME = "$(TARGET_NAME)";
				SWIFT_VERSION = 5.0;
				TARGETED_DEVICE_FAMILY = "1,2";
			};
			name = Release;
		};
/* End XCBuildConfiguration section */

/* Begin XCConfigurationList section */
		534867CD261DC2A2002A48C9 /* Build configuration list for PBXProject "discoMusica" */ = {
			isa = XCConfigurationList;
			buildConfigurations = (
				534867E4261DC2A6002A48C9 /* Debug */,
				534867E5261DC2A6002A48C9 /* Release */,
			);
			defaultConfigurationIsVisible = 0;
			defaultConfigurationName = Release;
		};
		534867E6261DC2A6002A48C9 /* Build configuration list for PBXNativeTarget "discoMusica" */ = {
			isa = XCConfigurationList;
			buildConfigurations = (
				534867E7261DC2A6002A48C9 /* Debug */,
				534867E8261DC2A6002A48C9 /* Release */,
			);
			defaultConfigurationIsVisible = 0;
			defaultConfigurationName = Release;
		};
/* End XCConfigurationList section */
	};
	rootObject = 534867CA261DC2A2002A48C9 /* Project object */;
}
